
Microsoft Visual Studio Solution File, Format Version 12.00
# Visual Studio 15
VisualStudioVersion = 15.0.26730.12
MinimumVisualStudioVersion = 10.0.40219.1
Project("{FAE04EC0-301F-11D3-BF4B-00C04F79EFBC}") = "Web", "Web\Web.csproj", "{49774E7B-36EE-4FCF-BAA1-D45C7EFDD6DF}"
EndProject
Project("{FAE04EC0-301F-11D3-BF4B-00C04F79EFBC}") = "WebTest", "WebTest\WebTest.csproj", "{C8948738-F636-46E4-B9E4-E3C577438D67}"
EndProject
Global
	GlobalSection(SolutionConfigurationPlatforms) = preSolution
		Debug|Any CPU = Debug|Any CPU
		Release|Any CPU = Release|Any CPU
	EndGlobalSection
	GlobalSection(ProjectConfigurationPlatforms) = postSolution
		{49774E7B-36EE-4FCF-BAA1-D45C7EFDD6DF}.Debug|Any CPU.ActiveCfg = Debug|Any CPU
		{49774E7B-36EE-4FCF-BAA1-D45C7EFDD6DF}.Debug|Any CPU.Build.0 = Debug|Any CPU
		{49774E7B-36EE-4FCF-BAA1-D45C7EFDD6DF}.Release|Any CPU.ActiveCfg = Release|Any CPU
		{49774E7B-36EE-4FCF-BAA1-D45C7EFDD6DF}.Release|Any CPU.Build.0 = Release|Any CPU
		{C8948738-F636-46E4-B9E4-E3C577438D67}.Debug|Any CPU.ActiveCfg = Debug|Any CPU
		{C8948738-F636-46E4-B9E4-E3C577438D67}.Debug|Any CPU.Build.0 = Debug|Any CPU
		{C8948738-F636-46E4-B9E4-E3C577438D67}.Release|Any CPU.ActiveCfg = Release|Any CPU
		{C8948738-F636-46E4-B9E4-E3C577438D67}.Release|Any CPU.Build.0 = Release|Any CPU
	EndGlobalSection
	GlobalSection(SolutionProperties) = preSolution
		HideSolutionNode = FALSE
	EndGlobalSection
	GlobalSection(ExtensibilityGlobals) = postSolution
		SolutionGuid = {664F74A5-D066-4BC1-8E1F-0E945A63DADF}
	EndGlobalSection
EndGlobal
