
Microsoft Visual Studio Solution File, Format Version 12.00
# Visual Studio 15
VisualStudioVersion = 15.0.26730.12
MinimumVisualStudioVersion = 10.0.40219.1
Project("{FAE04EC0-301F-11D3-BF4B-00C04F79EFBC}") = "Test", "Test\Test.csproj", "{10CBDEDF-5ED4-4739-B3AA-A19F77CC4696}"
EndProject
Global
	GlobalSection(SolutionConfigurationPlatforms) = preSolution
		Debug|Any CPU = Debug|Any CPU
		Release|Any CPU = Release|Any CPU
	EndGlobalSection
	GlobalSection(ProjectConfigurationPlatforms) = postSolution
		{10CBDEDF-5ED4-4739-B3AA-A19F77CC4696}.Debug|Any CPU.ActiveCfg = Debug|Any CPU
		{10CBDEDF-5ED4-4739-B3AA-A19F77CC4696}.Debug|Any CPU.Build.0 = Debug|Any CPU
		{10CBDEDF-5ED4-4739-B3AA-A19F77CC4696}.Release|Any CPU.ActiveCfg = Release|Any CPU
		{10CBDEDF-5ED4-4739-B3AA-A19F77CC4696}.Release|Any CPU.Build.0 = Release|Any CPU
	EndGlobalSection
	GlobalSection(SolutionProperties) = preSolution
		HideSolutionNode = FALSE
	EndGlobalSection
	GlobalSection(ExtensibilityGlobals) = postSolution
		SolutionGuid = {664F74A5-D066-4BC1-8E1F-0E945A63DADF}
	EndGlobalSection
EndGlobal
